
Microsoft Visual Studio Solution File, Format Version 12.00
Project("{FAE04EC0-301F-11D3-BF4B-00C04F79EFBC}") = "P11_3Characters", "P11_3Characters\P11_3Characters.csproj", "{193140E2-DD1A-4550-B6CD-2EC4ACE03723}"
EndProject
Global
	GlobalSection(SolutionConfigurationPlatforms) = preSolution
		Debug|Any CPU = Debug|Any CPU
		Release|Any CPU = Release|Any CPU
	EndGlobalSection
	GlobalSection(ProjectConfigurationPlatforms) = postSolution
		{193140E2-DD1A-4550-B6CD-2EC4ACE03723}.Debug|Any CPU.ActiveCfg = Debug|Any CPU
		{193140E2-DD1A-4550-B6CD-2EC4ACE03723}.Debug|Any CPU.Build.0 = Debug|Any CPU
		{193140E2-DD1A-4550-B6CD-2EC4ACE03723}.Release|Any CPU.ActiveCfg = Release|Any CPU
		{193140E2-DD1A-4550-B6CD-2EC4ACE03723}.Release|Any CPU.Build.0 = Release|Any CPU
	EndGlobalSection
EndGlobal
