
Microsoft Visual Studio Solution File, Format Version 12.00
Project("{FAE04EC0-301F-11D3-BF4B-00C04F79EFBC}") = "P12Random", "P12Random\P12Random.csproj", "{ABC10A85-B562-420A-9CD8-156B08F6676A}"
EndProject
Global
	GlobalSection(SolutionConfigurationPlatforms) = preSolution
		Debug|Any CPU = Debug|Any CPU
		Release|Any CPU = Release|Any CPU
	EndGlobalSection
	GlobalSection(ProjectConfigurationPlatforms) = postSolution
		{ABC10A85-B562-420A-9CD8-156B08F6676A}.Debug|Any CPU.ActiveCfg = Debug|Any CPU
		{ABC10A85-B562-420A-9CD8-156B08F6676A}.Debug|Any CPU.Build.0 = Debug|Any CPU
		{ABC10A85-B562-420A-9CD8-156B08F6676A}.Release|Any CPU.ActiveCfg = Release|Any CPU
		{ABC10A85-B562-420A-9CD8-156B08F6676A}.Release|Any CPU.Build.0 = Release|Any CPU
	EndGlobalSection
EndGlobal
